PODS:
  - data_saver (0.0.1):
    - FlutterMacOS
  - FlutterMacOS (1.0.0)

DEPENDENCIES:
  - data_saver (from `Flutter/ephemeral/.symlinks/plugins/data_saver/macos`)
  - FlutterMacOS (from `Flutter/ephemeral`)

EXTERNAL SOURCES:
  data_saver:
    :path: Flutter/ephemeral/.symlinks/plugins/data_saver/macos
  FlutterMacOS:
    :path: Flutter/ephemeral

SPEC CHECKSUMS:
  data_saver: e5ff20b39a43b926269d8c36629b8b5ebca67079
  FlutterMacOS: d0db08ddef1a9af05a5ec4b724367152bb0500b1

PODFILE CHECKSUM: fff0a06d634db2d88ab7fb218f9665b5f4c1fc52

COCOAPODS: 1.16.2
